// !$*UTF8*$!
{
	archiveVersion = 1;
	classes = {
	};
	objectVersion = 48;
	objects = {

/* Begin PBXBuildFile section */
		C9505E872097811900B2D198 /* NetworkUtils.swift in Sources */ = {isa = PBXBuildFile; fileRef = C9505E862097811900B2D198 /* NetworkUtils.swift */; };
		C9505E89209784B900B2D198 /* SearchMovie.swift in Sources */ = {isa = PBXBuildFile; fileRef = C9505E88209784B800B2D198 /* SearchMovie.swift */; };
		C9505E8C209784FD00B2D198 /* Movie.swift in Sources */ = {isa = PBXBuildFile; fileRef = C9505E8B209784FD00B2D198 /* Movie.swift */; };
		C9505E8E2097851A00B2D198 /* MovieResult.swift in Sources */ = {isa = PBXBuildFile; fileRef = C9505E8D2097851A00B2D198 /* MovieResult.swift */; };
		C9A9B93B2095CFA100F78C02 /* NetworkClient.swift in Sources */ = {isa = PBXBuildFile; fileRef = C9A9B93A2095CFA100F78C02 /* NetworkClient.swift */; };
		C9A9B93E2095D05D00F78C02 /* Constants.swift in Sources */ = {isa = PBXBuildFile; fileRef = C9A9B93D2095D05D00F78C02 /* Constants.swift */; };
		C9A9B9422096348400F78C02 /* HistoryDataStore.swift in Sources */ = {isa = PBXBuildFile; fileRef = C9A9B9412096348400F78C02 /* HistoryDataStore.swift */; };
		C9A9B9442096357F00F78C02 /* HistoryDataStoreTests.swift in Sources */ = {isa = PBXBuildFile; fileRef = C9A9B9432096357F00F78C02 /* HistoryDataStoreTests.swift */; };
		C9A9B94520963DF100F78C02 /* HistoryDataStore.swift in Sources */ = {isa = PBXBuildFile; fileRef = C9A9B9412096348400F78C02 /* HistoryDataStore.swift */; };
		C9A9B94620963DF200F78C02 /* HistoryDataStore.swift in Sources */ = {isa = PBXBuildFile; fileRef = C9A9B9412096348400F78C02 /* HistoryDataStore.swift */; };
		C9A9B948209640C100F78C02 /* ImageDownload.swift in Sources */ = {isa = PBXBuildFile; fileRef = C9A9B947209640C100F78C02 /* ImageDownload.swift */; };
		C9DA77392095A20400F09588 /* AppDelegate.swift in Sources */ = {isa = PBXBuildFile; fileRef = C9DA77382095A20400F09588 /* AppDelegate.swift */; };
		C9DA773E2095A20400F09588 /* Main.storyboard in Resources */ = {isa = PBXBuildFile; fileRef = C9DA773C2095A20400F09588 /* Main.storyboard */; };
		C9DA77412095A20400F09588 /* CareemTest.xcdatamodeld in Sources */ = {isa = PBXBuildFile; fileRef = C9DA773F2095A20400F09588 /* CareemTest.xcdatamodeld */; };
		C9DA77432095A20400F09588 /* Assets.xcassets in Resources */ = {isa = PBXBuildFile; fileRef = C9DA77422095A20400F09588 /* Assets.xcassets */; };
		C9DA77462095A20400F09588 /* LaunchScreen.storyboard in Resources */ = {isa = PBXBuildFile; fileRef = C9DA77442095A20400F09588 /* LaunchScreen.storyboard */; };
		C9DA77512095A20500F09588 /* CareemTestTests.swift in Sources */ = {isa = PBXBuildFile; fileRef = C9DA77502095A20500F09588 /* CareemTestTests.swift */; };
		C9DA775C2095A20500F09588 /* CareemTestUITests.swift in Sources */ = {isa = PBXBuildFile; fileRef = C9DA775B2095A20500F09588 /* CareemTestUITests.swift */; };
		C9DA776B2095CB9400F09588 /* MovieCell.swift in Sources */ = {isa = PBXBuildFile; fileRef = C9DA776A2095CB9400F09588 /* MovieCell.swift */; };
		C9DA776D2095CBF800F09588 /* MoviesViewController.swift in Sources */ = {isa = PBXBuildFile; fileRef = C9DA776C2095CBF800F09588 /* MoviesViewController.swift */; };
/* End PBXBuildFile section */

/* Begin PBXContainerItemProxy section */
		C9DA774D2095A20500F09588 /* PBXContainerItemProxy */ = {
			isa = PBXContainerItemProxy;
			containerPortal = C9DA772D2095A20400F09588 /* Project object */;
			proxyType = 1;
			remoteGlobalIDString = C9DA77342095A20400F09588;
			remoteInfo = CareemTest;
		};
		C9DA77582095A20500F09588 /* PBXContainerItemProxy */ = {
			isa = PBXContainerItemProxy;
			containerPortal = C9DA772D2095A20400F09588 /* Project object */;
			proxyType = 1;
			remoteGlobalIDString = C9DA77342095A20400F09588;
			remoteInfo = CareemTest;
		};
/* End PBXContainerItemProxy section */

/* Begin PBXFileReference section */
		C9505E862097811900B2D198 /* NetworkUtils.swift */ = {isa = PBXFileReference; lastKnownFileType = sourcecode.swift; path = NetworkUtils.swift; sourceTree = "<group>"; };
		C9505E88209784B800B2D198 /* SearchMovie.swift */ = {isa = PBXFileReference; fileEncoding = 4; lastKnownFileType = sourcecode.swift; path = SearchMovie.swift; sourceTree = "<group>"; };
		C9505E8B209784FD00B2D198 /* Movie.swift */ = {isa = PBXFileReference; fileEncoding = 4; lastKnownFileType = sourcecode.swift; path = Movie.swift; sourceTree = "<group>"; };
		C9505E8D2097851A00B2D198 /* MovieResult.swift */ = {isa = PBXFileReference; lastKnownFileType = sourcecode.swift; path = MovieResult.swift; sourceTree = "<group>"; };
		C9A9B93A2095CFA100F78C02 /* NetworkClient.swift */ = {isa = PBXFileReference; lastKnownFileType = sourcecode.swift; path = NetworkClient.swift; sourceTree = "<group>"; };
		C9A9B93D2095D05D00F78C02 /* Constants.swift */ = {isa = PBXFileReference; lastKnownFileType = sourcecode.swift; path = Constants.swift; sourceTree = "<group>"; };
		C9A9B9412096348400F78C02 /* HistoryDataStore.swift */ = {isa = PBXFileReference; lastKnownFileType = sourcecode.swift; path = HistoryDataStore.swift; sourceTree = "<group>"; };
		C9A9B9432096357F00F78C02 /* HistoryDataStoreTests.swift */ = {isa = PBXFileReference; lastKnownFileType = sourcecode.swift; path = HistoryDataStoreTests.swift; sourceTree = "<group>"; };
		C9A9B947209640C100F78C02 /* ImageDownload.swift */ = {isa = PBXFileReference; lastKnownFileType = sourcecode.swift; path = ImageDownload.swift; sourceTree = "<group>"; };
		C9DA77352095A20400F09588 /* CareemTest.app */ = {isa = PBXFileReference; explicitFileType = wrapper.application; includeInIndex = 0; path = CareemTest.app; sourceTree = BUILT_PRODUCTS_DIR; };
		C9DA77382095A20400F09588 /* AppDelegate.swift */ = {isa = PBXFileReference; lastKnownFileType = sourcecode.swift; path = AppDelegate.swift; sourceTree = "<group>"; };
		C9DA773D2095A20400F09588 /* Base */ = {isa = PBXFileReference; lastKnownFileType = file.storyboard; name = Base; path = Base.lproj/Main.storyboard; sourceTree = "<group>"; };
		C9DA77402095A20400F09588 /* CareemTest.xcdatamodel */ = {isa = PBXFileReference; lastKnownFileType = wrapper.xcdatamodel; path = CareemTest.xcdatamodel; sourceTree = "<group>"; };
		C9DA77422095A20400F09588 /* Assets.xcassets */ = {isa = PBXFileReference; lastKnownFileType = folder.assetcatalog; path = Assets.xcassets; sourceTree = "<group>"; };
		C9DA77452095A20400F09588 /* Base */ = {isa = PBXFileReference; lastKnownFileType = file.storyboard; name = Base; path = Base.lproj/LaunchScreen.storyboard; sourceTree = "<group>"; };
		C9DA77472095A20400F09588 /* Info.plist */ = {isa = PBXFileReference; lastKnownFileType = text.plist.xml; path = Info.plist; sourceTree = "<group>"; };
		C9DA774C2095A20500F09588 /* CareemTestTests.xctest */ = {isa = PBXFileReference; explicitFileType = wrapper.cfbundle; includeInIndex = 0; path = CareemTestTests.xctest; sourceTree = BUILT_PRODUCTS_DIR; };
		C9DA77502095A20500F09588 /* CareemTestTests.swift */ = {isa = PBXFileReference; lastKnownFileType = sourcecode.swift; path = CareemTestTests.swift; sourceTree = "<group>"; };
		C9DA77522095A20500F09588 /* Info.plist */ = {isa = PBXFileReference; lastKnownFileType = text.plist.xml; path = Info.plist; sourceTree = "<group>"; };
		C9DA77572095A20500F09588 /* CareemTestUITests.xctest */ = {isa = PBXFileReference; explicitFileType = wrapper.cfbundle; includeInIndex = 0; path = CareemTestUITests.xctest; sourceTree = BUILT_PRODUCTS_DIR; };
		C9DA775B2095A20500F09588 /* CareemTestUITests.swift */ = {isa = PBXFileReference; lastKnownFileType = sourcecode.swift; path = CareemTestUITests.swift; sourceTree = "<group>"; };
		C9DA775D2095A20500F09588 /* Info.plist */ = {isa = PBXFileReference; lastKnownFileType = text.plist.xml; path = Info.plist; sourceTree = "<group>"; };
		C9DA776A2095CB9400F09588 /* MovieCell.swift */ = {isa = PBXFileReference; lastKnownFileType = sourcecode.swift; path = MovieCell.swift; sourceTree = "<group>"; };
		C9DA776C2095CBF800F09588 /* MoviesViewController.swift */ = {isa = PBXFileReference; lastKnownFileType = sourcecode.swift; path = MoviesViewController.swift; sourceTree = "<group>"; };
/* End PBXFileReference section */

/* Begin PBXFrameworksBuildPhase section */
		C9DA77322095A20400F09588 /* Frameworks */ = {
			isa = PBXFrameworksBuildPhase;
			buildActionMask = 2147483647;
			files = (
			);
			runOnlyForDeploymentPostprocessing = 0;
		};
		C9DA77492095A20500F09588 /* Frameworks */ = {
			isa = PBXFrameworksBuildPhase;
			buildActionMask = 2147483647;
			files = (
			);
			runOnlyForDeploymentPostprocessing = 0;
		};
		C9DA77542095A20500F09588 /* Frameworks */ = {
			isa = PBXFrameworksBuildPhase;
			buildActionMask = 2147483647;
			files = (
			);
			runOnlyForDeploymentPostprocessing = 0;
		};
/* End PBXFrameworksBuildPhase section */

/* Begin PBXGroup section */
		C9505E8A209784EB00B2D198 /* Model */ = {
			isa = PBXGroup;
			children = (
				C9505E8B209784FD00B2D198 /* Movie.swift */,
				C9505E8D2097851A00B2D198 /* MovieResult.swift */,
			);
			path = Model;
			sourceTree = "<group>";
		};
		C9A9B9392095CF6C00F78C02 /* Networking */ = {
			isa = PBXGroup;
			children = (
				C9A9B93A2095CFA100F78C02 /* NetworkClient.swift */,
				C9505E862097811900B2D198 /* NetworkUtils.swift */,
			);
			path = Networking;
			sourceTree = "<group>";
		};
		C9A9B93C2095D03200F78C02 /* Utils */ = {
			isa = PBXGroup;
			children = (
				C9A9B93D2095D05D00F78C02 /* Constants.swift */,
			);
			path = Utils;
			sourceTree = "<group>";
		};
		C9A9B93F2095D47E00F78C02 /* Search */ = {
			isa = PBXGroup;
			children = (
				C9505E88209784B800B2D198 /* SearchMovie.swift */,
				C9A9B947209640C100F78C02 /* ImageDownload.swift */,
			);
			path = Search;
			sourceTree = "<group>";
		};
		C9A9B9402095D48F00F78C02 /* DataStore */ = {
			isa = PBXGroup;
			children = (
				C9A9B9412096348400F78C02 /* HistoryDataStore.swift */,
			);
			path = DataStore;
			sourceTree = "<group>";
		};
		C9DA772C2095A20400F09588 = {
			isa = PBXGroup;
			children = (
				C9DA77372095A20400F09588 /* CareemTest */,
				C9DA774F2095A20500F09588 /* CareemTestTests */,
				C9DA775A2095A20500F09588 /* CareemTestUITests */,
				C9DA77362095A20400F09588 /* Products */,
			);
			sourceTree = "<group>";
		};
		C9DA77362095A20400F09588 /* Products */ = {
			isa = PBXGroup;
			children = (
				C9DA77352095A20400F09588 /* CareemTest.app */,
				C9DA774C2095A20500F09588 /* CareemTestTests.xctest */,
				C9DA77572095A20500F09588 /* CareemTestUITests.xctest */,
			);
			name = Products;
			sourceTree = "<group>";
		};
		C9DA77372095A20400F09588 /* CareemTest */ = {
			isa = PBXGroup;
			children = (
				C9505E8A209784EB00B2D198 /* Model */,
				C9A9B9402095D48F00F78C02 /* DataStore */,
				C9A9B93F2095D47E00F78C02 /* Search */,
				C9A9B93C2095D03200F78C02 /* Utils */,
				C9A9B9392095CF6C00F78C02 /* Networking */,
				C9DA77692095CB7A00F09588 /* Controllers */,
				C9DA77382095A20400F09588 /* AppDelegate.swift */,
				C9DA773C2095A20400F09588 /* Main.storyboard */,
				C9DA77422095A20400F09588 /* Assets.xcassets */,
				C9DA77442095A20400F09588 /* LaunchScreen.storyboard */,
				C9DA77472095A20400F09588 /* Info.plist */,
				C9DA773F2095A20400F09588 /* CareemTest.xcdatamodeld */,
			);
			path = CareemTest;
			sourceTree = "<group>";
		};
		C9DA774F2095A20500F09588 /* CareemTestTests */ = {
			isa = PBXGroup;
			children = (
				C9DA77502095A20500F09588 /* CareemTestTests.swift */,
				C9DA77522095A20500F09588 /* Info.plist */,
			);
			path = CareemTestTests;
			sourceTree = "<group>";
		};
		C9DA775A2095A20500F09588 /* CareemTestUITests */ = {
			isa = PBXGroup;
			children = (
				C9DA775B2095A20500F09588 /* CareemTestUITests.swift */,
				C9DA775D2095A20500F09588 /* Info.plist */,
				C9A9B9432096357F00F78C02 /* HistoryDataStoreTests.swift */,
			);
			path = CareemTestUITests;
			sourceTree = "<group>";
		};
		C9DA77692095CB7A00F09588 /* Controllers */ = {
			isa = PBXGroup;
			children = (
				C9DA776A2095CB9400F09588 /* MovieCell.swift */,
				C9DA776C2095CBF800F09588 /* MoviesViewController.swift */,
			);
			path = Controllers;
			sourceTree = "<group>";
		};
/* End PBXGroup section */

/* Begin PBXNativeTarget section */
		C9DA77342095A20400F09588 /* CareemTest */ = {
			isa = PBXNativeTarget;
			buildConfigurationList = C9DA77602095A20500F09588 /* Build configuration list for PBXNativeTarget "CareemTest" */;
			buildPhases = (
				C9DA77312095A20400F09588 /* Sources */,
				C9DA77322095A20400F09588 /* Frameworks */,
				C9DA77332095A20400F09588 /* Resources */,
			);
			buildRules = (
			);
			dependencies = (
			);
			name = CareemTest;
			productName = CareemTest;
			productReference = C9DA77352095A20400F09588 /* CareemTest.app */;
			productType = "com.apple.product-type.application";
		};
		C9DA774B2095A20500F09588 /* CareemTestTests */ = {
			isa = PBXNativeTarget;
			buildConfigurationList = C9DA77632095A20500F09588 /* Build configuration list for PBXNativeTarget "CareemTestTests" */;
			buildPhases = (
				C9DA77482095A20500F09588 /* Sources */,
				C9DA77492095A20500F09588 /* Frameworks */,
				C9DA774A2095A20500F09588 /* Resources */,
			);
			buildRules = (
			);
			dependencies = (
				C9DA774E2095A20500F09588 /* PBXTargetDependency */,
			);
			name = CareemTestTests;
			productName = CareemTestTests;
			productReference = C9DA774C2095A20500F09588 /* CareemTestTests.xctest */;
			productType = "com.apple.product-type.bundle.unit-test";
		};
		C9DA77562095A20500F09588 /* CareemTestUITests */ = {
			isa = PBXNativeTarget;
			buildConfigurationList = C9DA77662095A20500F09588 /* Build configuration list for PBXNativeTarget "CareemTestUITests" */;
			buildPhases = (
				C9DA77532095A20500F09588 /* Sources */,
				C9DA77542095A20500F09588 /* Frameworks */,
				C9DA77552095A20500F09588 /* Resources */,
			);
			buildRules = (
			);
			dependencies = (
				C9DA77592095A20500F09588 /* PBXTargetDependency */,
			);
			name = CareemTestUITests;
			productName = CareemTestUITests;
			productReference = C9DA77572095A20500F09588 /* CareemTestUITests.xctest */;
			productType = "com.apple.product-type.bundle.ui-testing";
		};
/* End PBXNativeTarget section */

/* Begin PBXProject section */
		C9DA772D2095A20400F09588 /* Project object */ = {
			isa = PBXProject;
			attributes = {
				LastSwiftUpdateCheck = 0910;
				LastUpgradeCheck = 0910;
				ORGANIZATIONNAME = "Arun Kumar Nama";
				TargetAttributes = {
					C9DA77342095A20400F09588 = {
						CreatedOnToolsVersion = 9.1;
						ProvisioningStyle = Automatic;
					};
					C9DA774B2095A20500F09588 = {
						CreatedOnToolsVersion = 9.1;
						ProvisioningStyle = Automatic;
						TestTargetID = C9DA77342095A20400F09588;
					};
					C9DA77562095A20500F09588 = {
						CreatedOnToolsVersion = 9.1;
						ProvisioningStyle = Automatic;
						TestTargetID = C9DA77342095A20400F09588;
					};
				};
			};
			buildConfigurationList = C9DA77302095A20400F09588 /* Build configuration list for PBXProject "CareemTest" */;
			compatibilityVersion = "Xcode 8.0";
			developmentRegion = en;
			hasScannedForEncodings = 0;
			knownRegions = (
				en,
				Base,
			);
			mainGroup = C9DA772C2095A20400F09588;
			productRefGroup = C9DA77362095A20400F09588 /* Products */;
			projectDirPath = "";
			projectRoot = "";
			targets = (
				C9DA77342095A20400F09588 /* CareemTest */,
				C9DA774B2095A20500F09588 /* CareemTestTests */,
				C9DA77562095A20500F09588 /* CareemTestUITests */,
			);
		};
/* End PBXProject section */

/* Begin PBXResourcesBuildPhase section */
		C9DA77332095A20400F09588 /* Resources */ = {
			isa = PBXResourcesBuildPhase;
			buildActionMask = 2147483647;
			files = (
				C9DA77462095A20400F09588 /* LaunchScreen.storyboard in Resources */,
				C9DA77432095A20400F09588 /* Assets.xcassets in Resources */,
				C9DA773E2095A20400F09588 /* Main.storyboard in Resources */,
			);
			runOnlyForDeploymentPostprocessing = 0;
		};
		C9DA774A2095A20500F09588 /* Resources */ = {
			isa = PBXResourcesBuildPhase;
			buildActionMask = 2147483647;
			files = (
			);
			runOnlyForDeploymentPostprocessing = 0;
		};
		C9DA77552095A20500F09588 /* Resources */ = {
			isa = PBXResourcesBuildPhase;
			buildActionMask = 2147483647;
			files = (
			);
			runOnlyForDeploymentPostprocessing = 0;
		};
/* End PBXResourcesBuildPhase section */

/* Begin PBXSourcesBuildPhase section */
		C9DA77312095A20400F09588 /* Sources */ = {
			isa = PBXSourcesBuildPhase;
			buildActionMask = 2147483647;
			files = (
				C9A9B9422096348400F78C02 /* HistoryDataStore.swift in Sources */,
				C9A9B948209640C100F78C02 /* ImageDownload.swift in Sources */,
				C9505E89209784B900B2D198 /* SearchMovie.swift in Sources */,
				C9DA77412095A20400F09588 /* CareemTest.xcdatamodeld in Sources */,
				C9A9B93E2095D05D00F78C02 /* Constants.swift in Sources */,
				C9505E872097811900B2D198 /* NetworkUtils.swift in Sources */,
				C9A9B93B2095CFA100F78C02 /* NetworkClient.swift in Sources */,
				C9505E8E2097851A00B2D198 /* MovieResult.swift in Sources */,
				C9DA776D2095CBF800F09588 /* MoviesViewController.swift in Sources */,
				C9DA776B2095CB9400F09588 /* MovieCell.swift in Sources */,
				C9505E8C209784FD00B2D198 /* Movie.swift in Sources */,
				C9DA77392095A20400F09588 /* AppDelegate.swift in Sources */,
			);
			runOnlyForDeploymentPostprocessing = 0;
		};
		C9DA77482095A20500F09588 /* Sources */ = {
			isa = PBXSourcesBuildPhase;
			buildActionMask = 2147483647;
			files = (
				C9A9B94520963DF100F78C02 /* HistoryDataStore.swift in Sources */,
				C9DA77512095A20500F09588 /* CareemTestTests.swift in Sources */,
			);
			runOnlyForDeploymentPostprocessing = 0;
		};
		C9DA77532095A20500F09588 /* Sources */ = {
			isa = PBXSourcesBuildPhase;
			buildActionMask = 2147483647;
			files = (
				C9A9B94620963DF200F78C02 /* HistoryDataStore.swift in Sources */,
				C9A9B9442096357F00F78C02 /* HistoryDataStoreTests.swift in Sources */,
				C9DA775C2095A20500F09588 /* CareemTestUITests.swift in Sources */,
			);
			runOnlyForDeploymentPostprocessing = 0;
		};
/* End PBXSourcesBuildPhase section */

/* Begin PBXTargetDependency section */
		C9DA774E2095A20500F09588 /* PBXTargetDependency */ = {
			isa = PBXTargetDependency;
			target = C9DA77342095A20400F09588 /* CareemTest */;
			targetProxy = C9DA774D2095A20500F09588 /* PBXContainerItemProxy */;
		};
		C9DA77592095A20500F09588 /* PBXTargetDependency */ = {
			isa = PBXTargetDependency;
			target = C9DA77342095A20400F09588 /* CareemTest */;
			targetProxy = C9DA77582095A20500F09588 /* PBXContainerItemProxy */;
		};
/* End PBXTargetDependency section */

/* Begin PBXVariantGroup section */
		C9DA773C2095A20400F09588 /* Main.storyboard */ = {
			isa = PBXVariantGroup;
			children = (
				C9DA773D2095A20400F09588 /* Base */,
			);
			name = Main.storyboard;
			sourceTree = "<group>";
		};
		C9DA77442095A20400F09588 /* LaunchScreen.storyboard */ = {
			isa = PBXVariantGroup;
			children = (
				C9DA77452095A20400F09588 /* Base */,
			);
			name = LaunchScreen.storyboard;
			sourceTree = "<group>";
		};
/* End PBXVariantGroup section */

/* Begin XCBuildConfiguration section */
		C9DA775E2095A20500F09588 /* Debug */ = {
			isa = XCBuildConfiguration;
			buildSettings = {
				ALWAYS_SEARCH_USER_PATHS = NO;
				CLANG_ANALYZER_NONNULL = YES;
				CLANG_ANALYZER_NUMBER_OBJECT_CONVERSION = YES_AGGRESSIVE;
				CLANG_CXX_LANGUAGE_STANDARD = "gnu++14";
				CLANG_CXX_LIBRARY = "libc++";
				CLANG_ENABLE_MODULES = YES;
				CLANG_ENABLE_OBJC_ARC = YES;
				CLANG_WARN_BLOCK_CAPTURE_AUTORELEASING = YES;
				CLANG_WARN_BOOL_CONVERSION = YES;
				CLANG_WARN_COMMA = YES;
				CLANG_WARN_CONSTANT_CONVERSION = YES;
				CLANG_WARN_DIRECT_OBJC_ISA_USAGE = YES_ERROR;
				CLANG_WARN_DOCUMENTATION_COMMENTS = YES;
				CLANG_WARN_EMPTY_BODY = YES;
				CLANG_WARN_ENUM_CONVERSION = YES;
				CLANG_WARN_INFINITE_RECURSION = YES;
				CLANG_WARN_INT_CONVERSION = YES;
				CLANG_WARN_NON_LITERAL_NULL_CONVERSION = YES;
				CLANG_WARN_OBJC_LITERAL_CONVERSION = YES;
				CLANG_WARN_OBJC_ROOT_CLASS = YES_ERROR;
				CLANG_WARN_RANGE_LOOP_ANALYSIS = YES;
				CLANG_WARN_STRICT_PROTOTYPES = YES;
				CLANG_WARN_SUSPICIOUS_MOVE = YES;
				CLANG_WARN_UNGUARDED_AVAILABILITY = YES_AGGRESSIVE;
				CLANG_WARN_UNREACHABLE_CODE = YES;
				CLANG_WARN__DUPLICATE_METHOD_MATCH = YES;
				CODE_SIGN_IDENTITY = "iPhone Developer";
				COPY_PHASE_STRIP = NO;
				DEBUG_INFORMATION_FORMAT = dwarf;
				ENABLE_STRICT_OBJC_MSGSEND = YES;
				ENABLE_TESTABILITY = YES;
				GCC_C_LANGUAGE_STANDARD = gnu11;
				GCC_DYNAMIC_NO_PIC = NO;
				GCC_NO_COMMON_BLOCKS = YES;
				GCC_OPTIMIZATION_LEVEL = 0;
				GCC_PREPROCESSOR_DEFINITIONS = (
					"DEBUG=1",
					"$(inherited)",
				);
				GCC_WARN_64_TO_32_BIT_CONVERSION = YES;
				GCC_WARN_ABOUT_RETURN_TYPE = YES_ERROR;
				GCC_WARN_UNDECLARED_SELECTOR = YES;
				GCC_WARN_UNINITIALIZED_AUTOS = YES_AGGRESSIVE;
				GCC_WARN_UNUSED_FUNCTION = YES;
				GCC_WARN_UNUSED_VARIABLE = YES;
				IPHONEOS_DEPLOYMENT_TARGET = 9.0;
				MTL_ENABLE_DEBUG_INFO = YES;
				ONLY_ACTIVE_ARCH = YES;
				SDKROOT = iphoneos;
				SWIFT_ACTIVE_COMPILATION_CONDITIONS = DEBUG;
				SWIFT_OPTIMIZATION_LEVEL = "-Onone";
			};
			name = Debug;
		};
		C9DA775F2095A20500F09588 /* Release */ = {
			isa = XCBuildConfiguration;
			buildSettings = {
				ALWAYS_SEARCH_USER_PATHS = NO;
				CLANG_ANALYZER_NONNULL = YES;
				CLANG_ANALYZER_NUMBER_OBJECT_CONVERSION = YES_AGGRESSIVE;
				CLANG_CXX_LANGUAGE_STANDARD = "gnu++14";
				CLANG_CXX_LIBRARY = "libc++";
				CLANG_ENABLE_MODULES = YES;
				CLANG_ENABLE_OBJC_ARC = YES;
				CLANG_WARN_BLOCK_CAPTURE_AUTORELEASING = YES;
				CLANG_WARN_BOOL_CONVERSION = YES;
				CLANG_WARN_COMMA = YES;
				CLANG_WARN_CONSTANT_CONVERSION = YES;
				CLANG_WARN_DIRECT_OBJC_ISA_USAGE = YES_ERROR;
				CLANG_WARN_DOCUMENTATION_COMMENTS = YES;
				CLANG_WARN_EMPTY_BODY = YES;
				CLANG_WARN_ENUM_CONVERSION = YES;
				CLANG_WARN_INFINITE_RECURSION = YES;
				CLANG_WARN_INT_CONVERSION = YES;
				CLANG_WARN_NON_LITERAL_NULL_CONVERSION = YES;
				CLANG_WARN_OBJC_LITERAL_CONVERSION = YES;
				CLANG_WARN_OBJC_ROOT_CLASS = YES_ERROR;
				CLANG_WARN_RANGE_LOOP_ANALYSIS = YES;
				CLANG_WARN_STRICT_PROTOTYPES = YES;
				CLANG_WARN_SUSPICIOUS_MOVE = YES;
				CLANG_WARN_UNGUARDED_AVAILABILITY = YES_AGGRESSIVE;
				CLANG_WARN_UNREACHABLE_CODE = YES;
				CLANG_WARN__DUPLICATE_METHOD_MATCH = YES;
				CODE_SIGN_IDENTITY = "iPhone Developer";
				COPY_PHASE_STRIP = NO;
				DEBUG_INFORMATION_FORMAT = "dwarf-with-dsym";
				ENABLE_NS_ASSERTIONS = NO;
				ENABLE_STRICT_OBJC_MSGSEND = YES;
				GCC_C_LANGUAGE_STANDARD = gnu11;
				GCC_NO_COMMON_BLOCKS = YES;
				GCC_WARN_64_TO_32_BIT_CONVERSION = YES;
				GCC_WARN_ABOUT_RETURN_TYPE = YES_ERROR;
				GCC_WARN_UNDECLARED_SELECTOR = YES;
				GCC_WARN_UNINITIALIZED_AUTOS = YES_AGGRESSIVE;
				GCC_WARN_UNUSED_FUNCTION = YES;
				GCC_WARN_UNUSED_VARIABLE = YES;
				IPHONEOS_DEPLOYMENT_TARGET = 9.0;
				MTL_ENABLE_DEBUG_INFO = NO;
				SDKROOT = iphoneos;
				SWIFT_OPTIMIZATION_LEVEL = "-Owholemodule";
				VALIDATE_PRODUCT = YES;
			};
			name = Release;
		};
		C9DA77612095A20500F09588 /* Debug */ = {
			isa = XCBuildConfiguration;
			buildSettings = {
				ASSETCATALOG_COMPILER_APPICON_NAME = AppIcon;
				CODE_SIGN_STYLE = Automatic;
				DEVELOPMENT_TEAM = 5AW47F9A3P;
				INFOPLIST_FILE = CareemTest/Info.plist;
				LD_RUNPATH_SEARCH_PATHS = "$(inherited) @executable_path/Frameworks";
				PRODUCT_BUNDLE_IDENTIFIER = Yadsri.CareemTest;
				PRODUCT_NAME = "$(TARGET_NAME)";
				SWIFT_VERSION = 4.0;
				TARGETED_DEVICE_FAMILY = "1,2";
			};
			name = Debug;
		};
		C9DA77622095A20500F09588 /* Release */ = {
			isa = XCBuildConfiguration;
			buildSettings = {
				ASSETCATALOG_COMPILER_APPICON_NAME = AppIcon;
				CODE_SIGN_STYLE = Automatic;
				DEVELOPMENT_TEAM = 5AW47F9A3P;
				INFOPLIST_FILE = CareemTest/Info.plist;
				LD_RUNPATH_SEARCH_PATHS = "$(inherited) @executable_path/Frameworks";
				PRODUCT_BUNDLE_IDENTIFIER = Yadsri.CareemTest;
				PRODUCT_NAME = "$(TARGET_NAME)";
				SWIFT_VERSION = 4.0;
				TARGETED_DEVICE_FAMILY = "1,2";
			};
			name = Release;
		};
		C9DA77642095A20500F09588 /* Debug */ = {
			isa = XCBuildConfiguration;
			buildSettings = {
				ALWAYS_EMBED_SWIFT_STANDARD_LIBRARIES = YES;
				BUNDLE_LOADER = "$(TEST_HOST)";
				CODE_SIGN_STYLE = Automatic;
				DEVELOPMENT_TEAM = 5AW47F9A3P;
				INFOPLIST_FILE = CareemTestTests/Info.plist;
				LD_RUNPATH_SEARCH_PATHS = "$(inherited) @executable_path/Frameworks @loader_path/Frameworks";
				PRODUCT_BUNDLE_IDENTIFIER = Yadsri.CareemTestTests;
				PRODUCT_NAME = "$(TARGET_NAME)";
				SWIFT_VERSION = 4.0;
				TARGETED_DEVICE_FAMILY = "1,2";
				TEST_HOST = "$(BUILT_PRODUCTS_DIR)/CareemTest.app/CareemTest";
			};
			name = Debug;
		};
		C9DA77652095A20500F09588 /* Release */ = {
			isa = XCBuildConfiguration;
			buildSettings = {
				ALWAYS_EMBED_SWIFT_STANDARD_LIBRARIES = YES;
				BUNDLE_LOADER = "$(TEST_HOST)";
				CODE_SIGN_STYLE = Automatic;
				DEVELOPMENT_TEAM = 5AW47F9A3P;
				INFOPLIST_FILE = CareemTestTests/Info.plist;
				LD_RUNPATH_SEARCH_PATHS = "$(inherited) @executable_path/Frameworks @loader_path/Frameworks";
				PRODUCT_BUNDLE_IDENTIFIER = Yadsri.CareemTestTests;
				PRODUCT_NAME = "$(TARGET_NAME)";
				SWIFT_VERSION = 4.0;
				TARGETED_DEVICE_FAMILY = "1,2";
				TEST_HOST = "$(BUILT_PRODUCTS_DIR)/CareemTest.app/CareemTest";
			};
			name = Release;
		};
		C9DA77672095A20500F09588 /* Debug */ = {
			isa = XCBuildConfiguration;
			buildSettings = {
				ALWAYS_EMBED_SWIFT_STANDARD_LIBRARIES = YES;
				CODE_SIGN_STYLE = Automatic;
				DEVELOPMENT_TEAM = 5AW47F9A3P;
				INFOPLIST_FILE = CareemTestUITests/Info.plist;
				LD_RUNPATH_SEARCH_PATHS = "$(inherited) @executable_path/Frameworks @loader_path/Frameworks";
				PRODUCT_BUNDLE_IDENTIFIER = Yadsri.CareemTestUITests;
				PRODUCT_NAME = "$(TARGET_NAME)";
				SWIFT_VERSION = 4.0;
				TARGETED_DEVICE_FAMILY = "1,2";
				TEST_TARGET_NAME = CareemTest;
			};
			name = Debug;
		};
		C9DA77682095A20500F09588 /* Release */ = {
			isa = XCBuildConfiguration;
			buildSettings = {
				ALWAYS_EMBED_SWIFT_STANDARD_LIBRARIES = YES;
				CODE_SIGN_STYLE = Automatic;
				DEVELOPMENT_TEAM = 5AW47F9A3P;
				INFOPLIST_FILE = CareemTestUITests/Info.plist;
				LD_RUNPATH_SEARCH_PATHS = "$(inherited) @executable_path/Frameworks @loader_path/Frameworks";
				PRODUCT_BUNDLE_IDENTIFIER = Yadsri.CareemTestUITests;
				PRODUCT_NAME = "$(TARGET_NAME)";
				SWIFT_VERSION = 4.0;
				TARGETED_DEVICE_FAMILY = "1,2";
				TEST_TARGET_NAME = CareemTest;
			};
			name = Release;
		};
/* End XCBuildConfiguration section */

/* Begin XCConfigurationList section */
		C9DA77302095A20400F09588 /* Build configuration list for PBXProject "CareemTest" */ = {
			isa = XCConfigurationList;
			buildConfigurations = (
				C9DA775E2095A20500F09588 /* Debug */,
				C9DA775F2095A20500F09588 /* Release */,
			);
			defaultConfigurationIsVisible = 0;
			defaultConfigurationName = Release;
		};
		C9DA77602095A20500F09588 /* Build configuration list for PBXNativeTarget "CareemTest" */ = {
			isa = XCConfigurationList;
			buildConfigurations = (
				C9DA77612095A20500F09588 /* Debug */,
				C9DA77622095A20500F09588 /* Release */,
			);
			defaultConfigurationIsVisible = 0;
			defaultConfigurationName = Release;
		};
		C9DA77632095A20500F09588 /* Build configuration list for PBXNativeTarget "CareemTestTests" */ = {
			isa = XCConfigurationList;
			buildConfigurations = (
				C9DA77642095A20500F09588 /* Debug */,
				C9DA77652095A20500F09588 /* Release */,
			);
			defaultConfigurationIsVisible = 0;
			defaultConfigurationName = Release;
		};
		C9DA77662095A20500F09588 /* Build configuration list for PBXNativeTarget "CareemTestUITests" */ = {
			isa = XCConfigurationList;
			buildConfigurations = (
				C9DA77672095A20500F09588 /* Debug */,
				C9DA77682095A20500F09588 /* Release */,
			);
			defaultConfigurationIsVisible = 0;
			defaultConfigurationName = Release;
		};
/* End XCConfigurationList section */

/* Begin XCVersionGroup section */
		C9DA773F2095A20400F09588 /* CareemTest.xcdatamodeld */ = {
			isa = XCVersionGroup;
			children = (
				C9DA77402095A20400F09588 /* CareemTest.xcdatamodel */,
			);
			currentVersion = C9DA77402095A20400F09588 /* CareemTest.xcdatamodel */;
			path = CareemTest.xcdatamodeld;
			sourceTree = "<group>";
			versionGroupType = wrapper.xcdatamodel;
		};
/* End XCVersionGroup section */
	};
	rootObject = C9DA772D2095A20400F09588 /* Project object */;
}
